
Microsoft Visual Studio Solution File, Format Version 12.00
# Visual Studio Express 2012 for Windows Desktop

Project("{FAE04EC0-301F-11D3-BF4B-00C04F79EFBC}") = "Library", "Library\Library.csproj", "{EE1DC57A-344A-4B0A-82CE-5FD328C14894}"
EndProject
Project("{2150E333-8FDC-42A3-9474-1A3956D46DE8}") = "Solution Items", "Solution Items", "{5A79461D-2BDB-4EE9-B15F-10E800E9FEA6}"
	ProjectSection(SolutionItems) = preProject
		Lib\BouncyCastle.Crypto.dll = Lib\BouncyCastle.Crypto.dll
	EndProjectSection
EndProject
Project("{FAE04EC0-301F-11D3-BF4B-00C04F79EFBC}") = "CommunalServices.Communication", "CommunalServices.Communication\CommunalServices.Communication.csproj", "{BE102A55-93B1-4417-A812-197098A34017}"
EndProject
Global
	GlobalSection(SolutionConfigurationPlatforms) = preSolution
		Debug|Any CPU = Debug|Any CPU
		Release|Any CPU = Release|Any CPU
	EndGlobalSection
	GlobalSection(ProjectConfigurationPlatforms) = postSolution
		
		{EE1DC57A-344A-4B0A-82CE-5FD328C14894}.Debug|Any CPU.ActiveCfg = Debug|Any CPU
		{EE1DC57A-344A-4B0A-82CE-5FD328C14894}.Debug|Any CPU.Build.0 = Debug|Any CPU
		{EE1DC57A-344A-4B0A-82CE-5FD328C14894}.Release|Any CPU.ActiveCfg = Release|Any CPU
		{EE1DC57A-344A-4B0A-82CE-5FD328C14894}.Release|Any CPU.Build.0 = Release|Any CPU
		{BE102A55-93B1-4417-A812-197098A34017}.Debug|Any CPU.ActiveCfg = Debug|Any CPU
		{BE102A55-93B1-4417-A812-197098A34017}.Debug|Any CPU.Build.0 = Debug|Any CPU
		{BE102A55-93B1-4417-A812-197098A34017}.Release|Any CPU.ActiveCfg = Release|Any CPU
		{BE102A55-93B1-4417-A812-197098A34017}.Release|Any CPU.Build.0 = Release|Any CPU
	EndGlobalSection
	GlobalSection(SolutionProperties) = preSolution
		HideSolutionNode = FALSE
	EndGlobalSection
EndGlobal
